// !$*UTF8*$!
{
	archiveVersion = 1;
	classes = {
	};
	objectVersion = 51;
	objects = {

/* Begin PBXBuildFile section */
		30206FBE1F5BA659006CB9DD /* art.scnassets in Resources */ = {isa = PBXBuildFile; fileRef = 30206FBD1F5BA417006CB9DD /* art.scnassets */; };
		305693681F5705EA006016DD /* AppDelegate.swift in Sources */ = {isa = PBXBuildFile; fileRef = 305693671F5705EA006016DD /* AppDelegate.swift */; };
		3056936C1F5705EA006016DD /* ViewController.swift in Sources */ = {isa = PBXBuildFile; fileRef = 3056936B1F5705EA006016DD /* ViewController.swift */; };
		3056936F1F5705EA006016DD /* Main.storyboard in Resources */ = {isa = PBXBuildFile; fileRef = 3056936D1F5705EA006016DD /* Main.storyboard */; };
		305693711F5705EA006016DD /* Assets.xcassets in Resources */ = {isa = PBXBuildFile; fileRef = 305693701F5705EA006016DD /* Assets.xcassets */; };
		305693741F5705EA006016DD /* LaunchScreen.storyboard in Resources */ = {isa = PBXBuildFile; fileRef = 305693721F5705EA006016DD /* LaunchScreen.storyboard */; };
		4C17E0A62188CB3A0038DA4D /* HomeViewController.swift in Sources */ = {isa = PBXBuildFile; fileRef = 4C17E0A52188CB3A0038DA4D /* HomeViewController.swift */; };
		4CF25AFE2174E4C000D2184D /* TestCameraViewController.swift in Sources */ = {isa = PBXBuildFile; fileRef = 4CF25AFD2174E4C000D2184D /* TestCameraViewController.swift */; };
/* End PBXBuildFile section */

/* Begin PBXFileReference section */
		30206FBD1F5BA417006CB9DD /* art.scnassets */ = {isa = PBXFileReference; lastKnownFileType = wrapper.scnassets; path = art.scnassets; sourceTree = "<group>"; };
		305693641F5705EA006016DD /* solarSystem.app */ = {isa = PBXFileReference; explicitFileType = wrapper.application; includeInIndex = 0; path = solarSystem.app; sourceTree = BUILT_PRODUCTS_DIR; };
		305693671F5705EA006016DD /* AppDelegate.swift */ = {isa = PBXFileReference; lastKnownFileType = sourcecode.swift; path = AppDelegate.swift; sourceTree = "<group>"; };
		3056936B1F5705EA006016DD /* ViewController.swift */ = {isa = PBXFileReference; lastKnownFileType = sourcecode.swift; path = ViewController.swift; sourceTree = "<group>"; };
		3056936E1F5705EA006016DD /* Base */ = {isa = PBXFileReference; lastKnownFileType = file.storyboard; name = Base; path = Base.lproj/Main.storyboard; sourceTree = "<group>"; };
		305693701F5705EA006016DD /* Assets.xcassets */ = {isa = PBXFileReference; lastKnownFileType = folder.assetcatalog; path = Assets.xcassets; sourceTree = "<group>"; };
		305693731F5705EA006016DD /* Base */ = {isa = PBXFileReference; lastKnownFileType = file.storyboard; name = Base; path = Base.lproj/LaunchScreen.storyboard; sourceTree = "<group>"; };
		305693751F5705EA006016DD /* Info.plist */ = {isa = PBXFileReference; lastKnownFileType = text.plist.xml; path = Info.plist; sourceTree = "<group>"; };
		4C17E0A52188CB3A0038DA4D /* HomeViewController.swift */ = {isa = PBXFileReference; lastKnownFileType = sourcecode.swift; path = HomeViewController.swift; sourceTree = "<group>"; };
		4CF25AFD2174E4C000D2184D /* TestCameraViewController.swift */ = {isa = PBXFileReference; lastKnownFileType = sourcecode.swift; path = TestCameraViewController.swift; sourceTree = "<group>"; };
/* End PBXFileReference section */

/* Begin PBXFrameworksBuildPhase section */
		305693611F5705EA006016DD /* Frameworks */ = {
			isa = PBXFrameworksBuildPhase;
			buildActionMask = 2147483647;
			files = (
			);
			runOnlyForDeploymentPostprocessing = 0;
		};
/* End PBXFrameworksBuildPhase section */

/* Begin PBXGroup section */
		3056935B1F5705EA006016DD = {
			isa = PBXGroup;
			children = (
				305693661F5705EA006016DD /* solarSystem */,
				305693651F5705EA006016DD /* Products */,
				4CD2546521890424004CF29B /* Frameworks */,
			);
			sourceTree = "<group>";
		};
		305693651F5705EA006016DD /* Products */ = {
			isa = PBXGroup;
			children = (
				305693641F5705EA006016DD /* solarSystem.app */,
			);
			name = Products;
			sourceTree = "<group>";
		};
		305693661F5705EA006016DD /* solarSystem */ = {
			isa = PBXGroup;
			children = (
				305693671F5705EA006016DD /* AppDelegate.swift */,
				30206FBD1F5BA417006CB9DD /* art.scnassets */,
				3056936B1F5705EA006016DD /* ViewController.swift */,
				4CF25AFD2174E4C000D2184D /* TestCameraViewController.swift */,
				4C17E0A52188CB3A0038DA4D /* HomeViewController.swift */,
				3056936D1F5705EA006016DD /* Main.storyboard */,
				305693701F5705EA006016DD /* Assets.xcassets */,
				305693721F5705EA006016DD /* LaunchScreen.storyboard */,
				305693751F5705EA006016DD /* Info.plist */,
			);
			name = solarSystem;
			path = "mini-syst-solaire";
			sourceTree = "<group>";
		};
		4CD2546521890424004CF29B /* Frameworks */ = {
			isa = PBXGroup;
			children = (
			);
			name = Frameworks;
			sourceTree = "<group>";
		};
/* End PBXGroup section */

/* Begin PBXNativeTarget section */
		305693631F5705EA006016DD /* solarSystem */ = {
			isa = PBXNativeTarget;
			buildConfigurationList = 305693781F5705EA006016DD /* Build configuration list for PBXNativeTarget "solarSystem" */;
			buildPhases = (
				305693601F5705EA006016DD /* Sources */,
				305693611F5705EA006016DD /* Frameworks */,
				305693621F5705EA006016DD /* Resources */,
			);
			buildRules = (
			);
			dependencies = (
			);
			name = solarSystem;
			productName = ArDices;
			productReference = 305693641F5705EA006016DD /* solarSystem.app */;
			productType = "com.apple.product-type.application";
		};
/* End PBXNativeTarget section */

/* Begin PBXProject section */
		3056935C1F5705EA006016DD /* Project object */ = {
			isa = PBXProject;
			attributes = {
				LastSwiftUpdateCheck = 0900;
				LastUpgradeCheck = 0900;
				ORGANIZATIONNAME = "Corentin de Maupeou";
				TargetAttributes = {
					305693631F5705EA006016DD = {
						CreatedOnToolsVersion = 9.0;
						LastSwiftMigration = 1000;
						SystemCapabilities = {
							com.apple.BackgroundModes = {
								enabled = 0;
							};
							com.apple.HealthKit = {
								enabled = 0;
							};
							com.apple.HomeKit = {
								enabled = 0;
							};
							com.apple.Maps.iOS = {
								enabled = 0;
							};
						};
					};
				};
			};
			buildConfigurationList = 3056935F1F5705EA006016DD /* Build configuration list for PBXProject "solarSystem" */;
			compatibilityVersion = "Xcode 10.0";
			developmentRegion = en;
			hasScannedForEncodings = 0;
			knownRegions = (
				en,
				Base,
			);
			mainGroup = 3056935B1F5705EA006016DD;
			productRefGroup = 305693651F5705EA006016DD /* Products */;
			projectDirPath = "";
			projectRoot = "";
			targets = (
				305693631F5705EA006016DD /* solarSystem */,
			);
		};
/* End PBXProject section */

/* Begin PBXResourcesBuildPhase section */
		305693621F5705EA006016DD /* Resources */ = {
			isa = PBXResourcesBuildPhase;
			buildActionMask = 2147483647;
			files = (
				305693741F5705EA006016DD /* LaunchScreen.storyboard in Resources */,
				30206FBE1F5BA659006CB9DD /* art.scnassets in Resources */,
				305693711F5705EA006016DD /* Assets.xcassets in Resources */,
				3056936F1F5705EA006016DD /* Main.storyboard in Resources */,
			);
			runOnlyForDeploymentPostprocessing = 0;
		};
/* End PBXResourcesBuildPhase section */

/* Begin PBXSourcesBuildPhase section */
		305693601F5705EA006016DD /* Sources */ = {
			isa = PBXSourcesBuildPhase;
			buildActionMask = 2147483647;
			files = (
				4CF25AFE2174E4C000D2184D /* TestCameraViewController.swift in Sources */,
				3056936C1F5705EA006016DD /* ViewController.swift in Sources */,
				305693681F5705EA006016DD /* AppDelegate.swift in Sources */,
				4C17E0A62188CB3A0038DA4D /* HomeViewController.swift in Sources */,
			);
			runOnlyForDeploymentPostprocessing = 0;
		};
/* End PBXSourcesBuildPhase section */

/* Begin PBXVariantGroup section */
		3056936D1F5705EA006016DD /* Main.storyboard */ = {
			isa = PBXVariantGroup;
			children = (
				3056936E1F5705EA006016DD /* Base */,
			);
			name = Main.storyboard;
			sourceTree = "<group>";
		};
		305693721F5705EA006016DD /* LaunchScreen.storyboard */ = {
			isa = PBXVariantGroup;
			children = (
				305693731F5705EA006016DD /* Base */,
			);
			name = LaunchScreen.storyboard;
			sourceTree = "<group>";
		};
/* End PBXVariantGroup section */

/* Begin XCBuildConfiguration section */
		305693761F5705EA006016DD /* Debug */ = {
			isa = XCBuildConfiguration;
			buildSettings = {
				ALWAYS_SEARCH_USER_PATHS = NO;
				CLANG_ANALYZER_NONNULL = YES;
				CLANG_ANALYZER_NUMBER_OBJECT_CONVERSION = YES_AGGRESSIVE;
				CLANG_CXX_LANGUAGE_STANDARD = "gnu++14";
				CLANG_CXX_LIBRARY = "libc++";
				CLANG_ENABLE_MODULES = YES;
				CLANG_ENABLE_OBJC_ARC = YES;
				CLANG_WARN_BLOCK_CAPTURE_AUTORELEASING = YES;
				CLANG_WARN_BOOL_CONVERSION = YES;
				CLANG_WARN_COMMA = YES;
				CLANG_WARN_CONSTANT_CONVERSION = YES;
				CLANG_WARN_DIRECT_OBJC_ISA_USAGE = YES_ERROR;
				CLANG_WARN_DOCUMENTATION_COMMENTS = YES;
				CLANG_WARN_EMPTY_BODY = YES;
				CLANG_WARN_ENUM_CONVERSION = YES;
				CLANG_WARN_INFINITE_RECURSION = YES;
				CLANG_WARN_INT_CONVERSION = YES;
				CLANG_WARN_NON_LITERAL_NULL_CONVERSION = YES;
				CLANG_WARN_OBJC_LITERAL_CONVERSION = YES;
				CLANG_WARN_OBJC_ROOT_CLASS = YES_ERROR;
				CLANG_WARN_RANGE_LOOP_ANALYSIS = YES;
				CLANG_WARN_STRICT_PROTOTYPES = YES;
				CLANG_WARN_SUSPICIOUS_MOVE = YES;
				CLANG_WARN_UNGUARDED_AVAILABILITY = YES_AGGRESSIVE;
				CLANG_WARN_UNREACHABLE_CODE = YES;
				CLANG_WARN__DUPLICATE_METHOD_MATCH = YES;
				CODE_SIGN_IDENTITY = "iPhone Developer";
				COPY_PHASE_STRIP = NO;
				DEBUG_INFORMATION_FORMAT = dwarf;
				ENABLE_STRICT_OBJC_MSGSEND = YES;
				ENABLE_TESTABILITY = YES;
				GCC_C_LANGUAGE_STANDARD = gnu11;
				GCC_DYNAMIC_NO_PIC = NO;
				GCC_NO_COMMON_BLOCKS = YES;
				GCC_OPTIMIZATION_LEVEL = 0;
				GCC_PREPROCESSOR_DEFINITIONS = (
					"DEBUG=1",
					"$(inherited)",
				);
				GCC_WARN_64_TO_32_BIT_CONVERSION = YES;
				GCC_WARN_ABOUT_RETURN_TYPE = YES_ERROR;
				GCC_WARN_UNDECLARED_SELECTOR = YES;
				GCC_WARN_UNINITIALIZED_AUTOS = YES_AGGRESSIVE;
				GCC_WARN_UNUSED_FUNCTION = YES;
				GCC_WARN_UNUSED_VARIABLE = YES;
				IPHONEOS_DEPLOYMENT_TARGET = 11.0;
				MTL_ENABLE_DEBUG_INFO = YES;
				ONLY_ACTIVE_ARCH = YES;
				SDKROOT = iphoneos;
				SWIFT_ACTIVE_COMPILATION_CONDITIONS = DEBUG;
				SWIFT_OPTIMIZATION_LEVEL = "-Onone";
			};
			name = Debug;
		};
		305693771F5705EA006016DD /* Release */ = {
			isa = XCBuildConfiguration;
			buildSettings = {
				ALWAYS_SEARCH_USER_PATHS = NO;
				CLANG_ANALYZER_NONNULL = YES;
				CLANG_ANALYZER_NUMBER_OBJECT_CONVERSION = YES_AGGRESSIVE;
				CLANG_CXX_LANGUAGE_STANDARD = "gnu++14";
				CLANG_CXX_LIBRARY = "libc++";
				CLANG_ENABLE_MODULES = YES;
				CLANG_ENABLE_OBJC_ARC = YES;
				CLANG_WARN_BLOCK_CAPTURE_AUTORELEASING = YES;
				CLANG_WARN_BOOL_CONVERSION = YES;
				CLANG_WARN_COMMA = YES;
				CLANG_WARN_CONSTANT_CONVERSION = YES;
				CLANG_WARN_DIRECT_OBJC_ISA_USAGE = YES_ERROR;
				CLANG_WARN_DOCUMENTATION_COMMENTS = YES;
				CLANG_WARN_EMPTY_BODY = YES;
				CLANG_WARN_ENUM_CONVERSION = YES;
				CLANG_WARN_INFINITE_RECURSION = YES;
				CLANG_WARN_INT_CONVERSION = YES;
				CLANG_WARN_NON_LITERAL_NULL_CONVERSION = YES;
				CLANG_WARN_OBJC_LITERAL_CONVERSION = YES;
				CLANG_WARN_OBJC_ROOT_CLASS = YES_ERROR;
				CLANG_WARN_RANGE_LOOP_ANALYSIS = YES;
				CLANG_WARN_STRICT_PROTOTYPES = YES;
				CLANG_WARN_SUSPICIOUS_MOVE = YES;
				CLANG_WARN_UNGUARDED_AVAILABILITY = YES_AGGRESSIVE;
				CLANG_WARN_UNREACHABLE_CODE = YES;
				CLANG_WARN__DUPLICATE_METHOD_MATCH = YES;
				CODE_SIGN_IDENTITY = "iPhone Developer";
				COPY_PHASE_STRIP = NO;
				DEBUG_INFORMATION_FORMAT = "dwarf-with-dsym";
				ENABLE_NS_ASSERTIONS = NO;
				ENABLE_STRICT_OBJC_MSGSEND = YES;
				GCC_C_LANGUAGE_STANDARD = gnu11;
				GCC_NO_COMMON_BLOCKS = YES;
				GCC_WARN_64_TO_32_BIT_CONVERSION = YES;
				GCC_WARN_ABOUT_RETURN_TYPE = YES_ERROR;
				GCC_WARN_UNDECLARED_SELECTOR = YES;
				GCC_WARN_UNINITIALIZED_AUTOS = YES_AGGRESSIVE;
				GCC_WARN_UNUSED_FUNCTION = YES;
				GCC_WARN_UNUSED_VARIABLE = YES;
				IPHONEOS_DEPLOYMENT_TARGET = 11.0;
				MTL_ENABLE_DEBUG_INFO = NO;
				SDKROOT = iphoneos;
				SWIFT_COMPILATION_MODE = wholemodule;
				SWIFT_OPTIMIZATION_LEVEL = "-O";
				VALIDATE_PRODUCT = YES;
			};
			name = Release;
		};
		305693791F5705EA006016DD /* Debug */ = {
			isa = XCBuildConfiguration;
			buildSettings = {
				ASSETCATALOG_COMPILER_APPICON_NAME = AppIcon;
				DEVELOPMENT_TEAM = 5L5TG655G6;
				INFOPLIST_FILE = "$(SRCROOT)/mini-syst-solaire/Info.plist";
				IPHONEOS_DEPLOYMENT_TARGET = 12.1;
				LD_RUNPATH_SEARCH_PATHS = (
					"$(inherited)",
					"@executable_path/Frameworks",
				);
				PRODUCT_BUNDLE_IDENTIFIER = swift.solarSystem;
				PRODUCT_NAME = "$(TARGET_NAME)";
				SWIFT_VERSION = 4.2;
				TARGETED_DEVICE_FAMILY = 1;
			};
			name = Debug;
		};
		3056937A1F5705EA006016DD /* Release */ = {
			isa = XCBuildConfiguration;
			buildSettings = {
				ASSETCATALOG_COMPILER_APPICON_NAME = AppIcon;
				DEVELOPMENT_TEAM = 5L5TG655G6;
				INFOPLIST_FILE = "$(SRCROOT)/mini-syst-solaire/Info.plist";
				IPHONEOS_DEPLOYMENT_TARGET = 12.1;
				LD_RUNPATH_SEARCH_PATHS = (
					"$(inherited)",
					"@executable_path/Frameworks",
				);
				PRODUCT_BUNDLE_IDENTIFIER = swift.solarSystem;
				PRODUCT_NAME = "$(TARGET_NAME)";
				SWIFT_VERSION = 4.2;
				TARGETED_DEVICE_FAMILY = 1;
			};
			name = Release;
		};
/* End XCBuildConfiguration section */

/* Begin XCConfigurationList section */
		3056935F1F5705EA006016DD /* Build configuration list for PBXProject "solarSystem" */ = {
			isa = XCConfigurationList;
			buildConfigurations = (
				305693761F5705EA006016DD /* Debug */,
				305693771F5705EA006016DD /* Release */,
			);
			defaultConfigurationIsVisible = 0;
			defaultConfigurationName = Release;
		};
		305693781F5705EA006016DD /* Build configuration list for PBXNativeTarget "solarSystem" */ = {
			isa = XCConfigurationList;
			buildConfigurations = (
				305693791F5705EA006016DD /* Debug */,
				3056937A1F5705EA006016DD /* Release */,
			);
			defaultConfigurationIsVisible = 0;
			defaultConfigurationName = Release;
		};
/* End XCConfigurationList section */
	};
	rootObject = 3056935C1F5705EA006016DD /* Project object */;
}
